
Microsoft Visual Studio Solution File, Format Version 12.00
# Visual Studio 14
VisualStudioVersion = 14.0.25123.0
MinimumVisualStudioVersion = 10.0.40219.1
Project("{FAE04EC0-301F-11D3-BF4B-00C04F79EFBC}") = "ValueVille", "ValueVille\ValueVille.csproj", "{96F49C3B-12EB-4F67-A1C9-FDDF517F4AFD}"
EndProject
Global
	GlobalSection(SolutionConfigurationPlatforms) = preSolution
		Debug|Any CPU = Debug|Any CPU
		Release|Any CPU = Release|Any CPU
	EndGlobalSection
	GlobalSection(ProjectConfigurationPlatforms) = postSolution
		{96F49C3B-12EB-4F67-A1C9-FDDF517F4AFD}.Debug|Any CPU.ActiveCfg = Debug|Any CPU
		{96F49C3B-12EB-4F67-A1C9-FDDF517F4AFD}.Debug|Any CPU.Build.0 = Debug|Any CPU
		{96F49C3B-12EB-4F67-A1C9-FDDF517F4AFD}.Release|Any CPU.ActiveCfg = Release|Any CPU
		{96F49C3B-12EB-4F67-A1C9-FDDF517F4AFD}.Release|Any CPU.Build.0 = Release|Any CPU
	EndGlobalSection
	GlobalSection(SolutionProperties) = preSolution
		HideSolutionNode = FALSE
	EndGlobalSection
	GlobalSection(TeamFoundationVersionControl) = preSolution
		SccNumberOfProjects = 2
		SccEnterpriseProvider = {4CA58AB2-18FA-4F8D-95D4-32DDF27D184C}
		SccTeamFoundationServer = https://smokindonutltd.visualstudio.com/
		SccLocalPath0 = .
		SccProjectUniqueName1 = ValueVille\\ValueVille.csproj
		SccProjectName1 = ValueVille
		SccLocalPath1 = ValueVille
	EndGlobalSection
EndGlobal
